
Microsoft Visual Studio Solution File, Format Version 12.00
Project("{FAE04EC0-301F-11D3-BF4B-00C04F79EFBC}") = "Domain", "Domain\Domain.csproj", "{C481951E-A0EE-46F1-8CC7-654B3ECDD707}"
EndProject
Project("{FAE04EC0-301F-11D3-BF4B-00C04F79EFBC}") = "Application", "Application\Application.csproj", "{46DEF2CF-5325-4D11-94C7-495075845669}"
EndProject
Project("{FAE04EC0-301F-11D3-BF4B-00C04F79EFBC}") = "Infra.Data", "Infra.Data\Infra.Data.csproj", "{6CC467E3-9754-4F80-A6AA-5BAD9E0E9AB0}"
EndProject
Project("{FAE04EC0-301F-11D3-BF4B-00C04F79EFBC}") = "Infra.IoC", "Infra.IoC\Infra.IoC.csproj", "{D8666842-D079-4195-B019-C03A70A71204}"
EndProject
Project("{FAE04EC0-301F-11D3-BF4B-00C04F79EFBC}") = "WebUI", "WebUI\WebUI.csproj", "{4E127AAC-14BF-4CF3-8A98-F869B3497E5B}"
EndProject
Global
	GlobalSection(SolutionConfigurationPlatforms) = preSolution
		Debug|Any CPU = Debug|Any CPU
		Release|Any CPU = Release|Any CPU
	EndGlobalSection
	GlobalSection(ProjectConfigurationPlatforms) = postSolution
		{C481951E-A0EE-46F1-8CC7-654B3ECDD707}.Debug|Any CPU.ActiveCfg = Debug|Any CPU
		{C481951E-A0EE-46F1-8CC7-654B3ECDD707}.Debug|Any CPU.Build.0 = Debug|Any CPU
		{C481951E-A0EE-46F1-8CC7-654B3ECDD707}.Release|Any CPU.ActiveCfg = Release|Any CPU
		{C481951E-A0EE-46F1-8CC7-654B3ECDD707}.Release|Any CPU.Build.0 = Release|Any CPU
		{46DEF2CF-5325-4D11-94C7-495075845669}.Debug|Any CPU.ActiveCfg = Debug|Any CPU
		{46DEF2CF-5325-4D11-94C7-495075845669}.Debug|Any CPU.Build.0 = Debug|Any CPU
		{46DEF2CF-5325-4D11-94C7-495075845669}.Release|Any CPU.ActiveCfg = Release|Any CPU
		{46DEF2CF-5325-4D11-94C7-495075845669}.Release|Any CPU.Build.0 = Release|Any CPU
		{6CC467E3-9754-4F80-A6AA-5BAD9E0E9AB0}.Debug|Any CPU.ActiveCfg = Debug|Any CPU
		{6CC467E3-9754-4F80-A6AA-5BAD9E0E9AB0}.Debug|Any CPU.Build.0 = Debug|Any CPU
		{6CC467E3-9754-4F80-A6AA-5BAD9E0E9AB0}.Release|Any CPU.ActiveCfg = Release|Any CPU
		{6CC467E3-9754-4F80-A6AA-5BAD9E0E9AB0}.Release|Any CPU.Build.0 = Release|Any CPU
		{D8666842-D079-4195-B019-C03A70A71204}.Debug|Any CPU.ActiveCfg = Debug|Any CPU
		{D8666842-D079-4195-B019-C03A70A71204}.Debug|Any CPU.Build.0 = Debug|Any CPU
		{D8666842-D079-4195-B019-C03A70A71204}.Release|Any CPU.ActiveCfg = Release|Any CPU
		{D8666842-D079-4195-B019-C03A70A71204}.Release|Any CPU.Build.0 = Release|Any CPU
		{4E127AAC-14BF-4CF3-8A98-F869B3497E5B}.Debug|Any CPU.ActiveCfg = Debug|Any CPU
		{4E127AAC-14BF-4CF3-8A98-F869B3497E5B}.Debug|Any CPU.Build.0 = Debug|Any CPU
		{4E127AAC-14BF-4CF3-8A98-F869B3497E5B}.Release|Any CPU.ActiveCfg = Release|Any CPU
		{4E127AAC-14BF-4CF3-8A98-F869B3497E5B}.Release|Any CPU.Build.0 = Release|Any CPU
	EndGlobalSection
EndGlobal
