
Microsoft Visual Studio Solution File, Format Version 12.00
# Visual Studio Version 17
VisualStudioVersion = 17.0.32014.148
MinimumVisualStudioVersion = 10.0.40219.1
Project("{FAE04EC0-301F-11D3-BF4B-00C04F79EFBC}") = "CleanArchMVC.Domain", "CleanArchMVC.Domain\CleanArchMVC.Domain.csproj", "{0380841B-0015-441D-86B5-0AD346A653F3}"
EndProject
Project("{FAE04EC0-301F-11D3-BF4B-00C04F79EFBC}") = "CleanArchMVC.Application", "CleanArchMVC.Application\CleanArchMVC.Application.csproj", "{7CDC602B-6EFB-4CE0-93B8-5514B911FE22}"
EndProject
Project("{FAE04EC0-301F-11D3-BF4B-00C04F79EFBC}") = "CleanArchMVC.Infra.Data", "CleanArchMVC.Infra.Data\CleanArchMVC.Infra.Data.csproj", "{E23FCCEE-AE96-4E3C-A19B-036F23B2D354}"
EndProject
Project("{FAE04EC0-301F-11D3-BF4B-00C04F79EFBC}") = "CleanArchMVC.Infra.Ioc", "CleanArchMVC.Infra.Ioc\CleanArchMVC.Infra.Ioc.csproj", "{085EC862-12B5-4A9C-B74F-3FA651E0959E}"
EndProject
Project("{FAE04EC0-301F-11D3-BF4B-00C04F79EFBC}") = "CleanArchMVC.WebUI", "CleanArchMVC.WebUI\CleanArchMVC.WebUI.csproj", "{742F6CC8-54FA-4805-A01F-F7012611B924}"
EndProject
Project("{FAE04EC0-301F-11D3-BF4B-00C04F79EFBC}") = "CleanArchMVC.Domain.Tests", "CleanArchMVC.Domain.Tests\CleanArchMVC.Domain.Tests.csproj", "{9B9DE347-3252-423C-8659-3C36DEEBA5C2}"
EndProject
Global
	GlobalSection(SolutionConfigurationPlatforms) = preSolution
		Debug|Any CPU = Debug|Any CPU
		Release|Any CPU = Release|Any CPU
	EndGlobalSection
	GlobalSection(ProjectConfigurationPlatforms) = postSolution
		{0380841B-0015-441D-86B5-0AD346A653F3}.Debug|Any CPU.ActiveCfg = Debug|Any CPU
		{0380841B-0015-441D-86B5-0AD346A653F3}.Debug|Any CPU.Build.0 = Debug|Any CPU
		{0380841B-0015-441D-86B5-0AD346A653F3}.Release|Any CPU.ActiveCfg = Release|Any CPU
		{0380841B-0015-441D-86B5-0AD346A653F3}.Release|Any CPU.Build.0 = Release|Any CPU
		{7CDC602B-6EFB-4CE0-93B8-5514B911FE22}.Debug|Any CPU.ActiveCfg = Debug|Any CPU
		{7CDC602B-6EFB-4CE0-93B8-5514B911FE22}.Debug|Any CPU.Build.0 = Debug|Any CPU
		{7CDC602B-6EFB-4CE0-93B8-5514B911FE22}.Release|Any CPU.ActiveCfg = Release|Any CPU
		{7CDC602B-6EFB-4CE0-93B8-5514B911FE22}.Release|Any CPU.Build.0 = Release|Any CPU
		{E23FCCEE-AE96-4E3C-A19B-036F23B2D354}.Debug|Any CPU.ActiveCfg = Debug|Any CPU
		{E23FCCEE-AE96-4E3C-A19B-036F23B2D354}.Debug|Any CPU.Build.0 = Debug|Any CPU
		{E23FCCEE-AE96-4E3C-A19B-036F23B2D354}.Release|Any CPU.ActiveCfg = Release|Any CPU
		{E23FCCEE-AE96-4E3C-A19B-036F23B2D354}.Release|Any CPU.Build.0 = Release|Any CPU
		{085EC862-12B5-4A9C-B74F-3FA651E0959E}.Debug|Any CPU.ActiveCfg = Debug|Any CPU
		{085EC862-12B5-4A9C-B74F-3FA651E0959E}.Debug|Any CPU.Build.0 = Debug|Any CPU
		{085EC862-12B5-4A9C-B74F-3FA651E0959E}.Release|Any CPU.ActiveCfg = Release|Any CPU
		{085EC862-12B5-4A9C-B74F-3FA651E0959E}.Release|Any CPU.Build.0 = Release|Any CPU
		{742F6CC8-54FA-4805-A01F-F7012611B924}.Debug|Any CPU.ActiveCfg = Debug|Any CPU
		{742F6CC8-54FA-4805-A01F-F7012611B924}.Debug|Any CPU.Build.0 = Debug|Any CPU
		{742F6CC8-54FA-4805-A01F-F7012611B924}.Release|Any CPU.ActiveCfg = Release|Any CPU
		{742F6CC8-54FA-4805-A01F-F7012611B924}.Release|Any CPU.Build.0 = Release|Any CPU
		{9B9DE347-3252-423C-8659-3C36DEEBA5C2}.Debug|Any CPU.ActiveCfg = Debug|Any CPU
		{9B9DE347-3252-423C-8659-3C36DEEBA5C2}.Debug|Any CPU.Build.0 = Debug|Any CPU
		{9B9DE347-3252-423C-8659-3C36DEEBA5C2}.Release|Any CPU.ActiveCfg = Release|Any CPU
		{9B9DE347-3252-423C-8659-3C36DEEBA5C2}.Release|Any CPU.Build.0 = Release|Any CPU
	EndGlobalSection
	GlobalSection(SolutionProperties) = preSolution
		HideSolutionNode = FALSE
	EndGlobalSection
	GlobalSection(ExtensibilityGlobals) = postSolution
		SolutionGuid = {28E6225E-66C1-412D-9C9A-ACFD7DC472E5}
	EndGlobalSection
EndGlobal
